version = 1
revision = 5
requires-python = ">=3.15"

[[package]]
name = "llvmlite"
version = "0.50.0"
source = { registry = "https://pypi.org/simple" }
sdist = { url = "https://files.pythonhosted.org/packages/11/c5/907cec40688a34eb489cded74d555e1ee4af8cf49d83e03dba2c2d4cfe27/llvmlite-0.50.0.tar.gz", hash = "sha256:f2a2cd6ec9ffcc1b7147dea0d7a49efebf17a2b434e0c2844fe175999d571eb4", size = 194522, upload-time = "2026-09-29T18:44:46.782Z" }
wheels = [
    { url = "https://files.pythonhosted.org/packages/4e/97/78e51381def071781a5ec9ead92e2a55562da5b78043566865e20f30be77/llvmlite-0.50.0-cp315-cp315-macosx_12_0_arm64.whl", hash = "sha256:3f490c0f4800c8ddeee6a607acd037497bf6508586804f4e2f11f53a1ee7fe2d", size = 40534277, upload-time = "2026-09-29T18:44:17.301Z" },
    { url = "https://files.pythonhosted.org/packages/61/83/1beb6169126cd1a8199bae88eb3a79e3be3dd609eb42896d8fa8c38b10c0/llvmlite-0.50.0-cp315-cp315-manylinux_2_27_aarch64.manylinux_2_28_aarch64.whl", hash = "sha256:d5447a6c39171368edfe28a71f605e6e3edd40a1dc31f5e5c9d50585718ae6d0", size = 58344486, upload-time = "2026-09-29T18:44:21.407Z" },
    { url = "https://files.pythonhosted.org/packages/7e/81/334b11c9ebc52ee5339fe401342b2dc856804996fec3abc5ad70ad053901/llvmlite-0.50.0-cp315-cp315-manylinux_2_27_x86_64.manylinux_2_28_x86_64.whl", hash = "sha256:f1ac2b9f699c46219fbbd66b304105f5e1b218f05ffac6fe03cd851f93718e58", size = 59696588, upload-time = "2026-09-29T18:44:25.755Z" },
    { url = "https://files.pythonhosted.org/packages/4f/c7/f06fe5d262f0cf0f0c85a85b0a4aaa07cbd85a56192861299fd659af4eb7/llvmlite-0.50.0-cp315-cp315-win_amd64.whl", hash = "sha256:51a4a716db98591f0a1bea34c6548cdb4017731ee5e678ded8cf842dca8af3c5", size = 42986709, upload-time = "2026-09-29T18:44:29.203Z" },
    { url = "https://files.pythonhosted.org/packages/be/f9/670bcb2a7214dcf35c48da581ac8d2949ff50255deb83e13c9cbbef46c05/llvmlite-0.50.0-cp315-cp315t-macosx_12_0_arm64.whl", hash = "sha256:e8cc203c1fd509131cd72b7554413d4a3e5527cc5558c5a7ebe19840018c57c1", size = 40534277, upload-time = "2026-09-29T18:44:32.967Z" },
    { url = "https://files.pythonhosted.org/packages/f3/21/3d108d6c9a87142927073fbc3d82d161f2dbfdeb046063a51edb196d1132/llvmlite-0.50.0-cp315-cp315t-manylinux_2_27_aarch64.manylinux_2_28_aarch64.whl", hash = "sha256:c7d4e2bbb29a860a6e85e22afdb96696241263942a5b214cac3e4b704e1d3abf", size = 58344488, upload-time = "2026-09-29T18:44:36.859Z" },
    { url = "https://files.pythonhosted.org/packages/6e/de/496d19b7a54acc487266ac7fa39d902cddf24998f5266b3aa499c8eacbd6/llvmlite-0.50.0-cp315-cp315t-manylinux_2_27_x86_64.manylinux_2_28_x86_64.whl", hash = "sha256:afd7b438c60e0f60c4368ec603bb9f20d938a203b5f59b80bbe50c749b4b2f16", size = 59696591, upload-time = "2026-09-29T18:44:40.642Z" },
    { url = "https://files.pythonhosted.org/packages/93/73/72553170eada174775d9a738c471c7be4ab3dc2c06368beeee89e002345c/llvmlite-0.50.0-cp315-cp315t-win_amd64.whl", hash = "sha256:4da0e8c6e6f144b433672a632f75d6b4da7bd4fdb5c3e9981d6ea6741319aeae", size = 42986722, upload-time = "2026-09-29T18:44:44.491Z" },
]

[[package]]
name = "numba"
version = "0.68.0"
source = { registry = "https://pypi.org/simple" }
dependencies = [
    { name = "llvmlite" },
    { name = "numpy" },
]
sdist = { url = "https://files.pythonhosted.org/packages/4e/cd/e8280f9ffa30fea9fabc5341223701231fcc5d53a31f51419d42d4bec3a6/numba-0.68.0.tar.gz", hash = "sha256:8a781de54b980b98f43bff7f1093701b5f07c80d031c7cfa8a87493d8bf73f2d", size = 2855363, upload-time = "2026-09-30T15:05:44.721Z" }
wheels = [
    { url = "https://files.pythonhosted.org/packages/a5/85/d7cee7a6c65634bd25cb0109585785e5c8338f44db4b191c30291d9c7968/numba-0.68.0-cp315-cp315-macosx_12_0_arm64.whl", hash = "sha256:39f935bc854be87784675d9674f5503e56df5a501c95c95bdfb6b3c0b4b9ed1b", size = 2760868, upload-time = "2026-09-30T15:05:35.662Z" },
    { url = "https://files.pythonhosted.org/packages/d6/79/312e0cf6e835f700d42a223c1bd4a24b232892bded1ddf5e40bb3a329f55/numba-0.68.0-cp315-cp315-manylinux_2_27_aarch64.manylinux_2_28_aarch64.whl", hash = "sha256:7cec6809fe93824e243a8a8c93966b0bb5874a3b7c24c1194c3bafee0ab11f39", size = 3568127, upload-time = "2026-09-30T15:05:37.967Z" },
    { url = "https://files.pythonhosted.org/packages/5e/05/f31cd9e40f6d4ec6de38959e4736a917aa9d115fecc4a1979aceedcc083b/numba-0.68.0-cp315-cp315-manylinux_2_27_x86_64.manylinux_2_28_x86_64.whl", hash = "sha256:c1f1180e0332ad5143905288325485b52ac76102330811dc6f2c10088cf4cedc", size = 3853913, upload-time = "2026-09-30T15:05:40.247Z" },
    { url = "https://files.pythonhosted.org/packages/6c/28/059b2d1ea5616a5712fd722b2ec8e8278d14e4e4eb8845d36fe1658e6be8/numba-0.68.0-cp315-cp315-win_amd64.whl", hash = "sha256:a2d21bb9c4b4818a1e71721ebd19172f488591d548f08453593348b7048ba1fb", size = 2831865, upload-time = "2026-09-30T15:05:42.306Z" },
]

[[package]]
name = "numba-tsp"
version = "0.1.0"
source = { editable = "." }
dependencies = [
    { name = "numba" },
    { name = "numpy" },
    { name = "scipy" },
]

[package.metadata]
requires-dist = [
    { name = "numba", specifier = ">=0.68.0" },
    { name = "numpy", specifier = ">=2.5.3" },
    { name = "scipy", specifier = ">=1.18.1" },
]

[[package]]
name = "numpy"
version = "2.5.3"
source = { registry = "https://pypi.org/simple" }
sdist = { url = "https://files.pythonhosted.org/packages/13/01/11703282db468b85f6f7b8c7f22d058de5970d5c7e60a3a8aaa313c3de36/numpy-2.5.3.tar.gz", hash = "sha256:df2d5874ff183595a4ba404edd04f6bd9b5505c1d7708573f6a6c17489a67563", size = 20791231, upload-time = "2026-09-06T16:27:47.073Z" }
wheels = [
    { url = "https://files.pythonhosted.org/packages/45/56/78194492883ff5eec90423fe56a3a44b154da047d88a6307f629713c584f/numpy-2.5.3-cp315-cp315-macosx_10_15_x86_64.whl", hash = "sha256:a6391fafaba97500887132cd582abc6e19452b1ac775a47caa7b24490e152058", size = 16996531, upload-time = "2026-09-06T16:26:37.287Z" },
    { url = "https://files.pythonhosted.org/packages/11/39/dd55c0af90bbab564b09ae3b0aa60ec5c02b900fa4f1ba23440525c8b32d/numpy-2.5.3-cp315-cp315-macosx_11_0_arm64.whl", hash = "sha256:09d5a423c71ad5feb5625844ad58050e35df43871004b52ac9c0ad44a56775be", size = 12012569, upload-time = "2026-09-06T16:26:40.707Z" },
    { url = "https://files.pythonhosted.org/packages/b6/51/04f67d32e4862b281b1cb84ceeaed3421189a84fb6fb51a391cd6d5009f7/numpy-2.5.3-cp315-cp315-macosx_14_0_arm64.whl", hash = "sha256:f9579f383d1bf9df80081e72760e84960a7fd4f88cf0c9e535a8597c9bb646f5", size = 5448498, upload-time = "2026-09-06T16:26:43.435Z" },
    { url = "https://files.pythonhosted.org/packages/a3/c9/25b4dc0dd1344ec26c7319e84fd4e9809d2b5628f4e12decd618036e5178/numpy-2.5.3-cp315-cp315-macosx_14_0_x86_64.whl", hash = "sha256:86bff898a431c0fb71f7610b75726e75a54d47b37edc9d537f48de63bb3c0b90", size = 6783026, upload-time = "2026-09-06T16:26:46.374Z" },
    { url = "https://files.pythonhosted.org/packages/fc/c7/29285be1e5232a6e7ee3268a33c85843f5a8ee93350c6465cddd66ebbf76/numpy-2.5.3-cp315-cp315-manylinux_2_27_aarch64.manylinux_2_28_aarch64.whl", hash = "sha256:1f3ed25271581281f2fccb1adcedfcde4c07362eec69189b50baf6f90e3ae159", size = 15697322, upload-time = "2026-09-06T16:26:49.415Z" },
    { url = "https://files.pythonhosted.org/packages/55/49/bbad5335fb4996a16881f853ff3e0ba582f01720e55c89b1c06b8fc42a90/numpy-2.5.3-cp315-cp315-manylinux_2_27_x86_64.manylinux_2_28_x86_64.whl", hash = "sha256:ffdc76bfcae6b255dff75202c5e7feaf95b40246bc0a17944facc1fecf9f79ab", size = 16708995, upload-time = "2026-09-06T16:26:53.127Z" },
    { url = "https://files.pythonhosted.org/packages/ef/e9/1df35483760b04a65ea44669f89dc64f30e5aca098b48ceb8b1310b0e0fe/numpy-2.5.3-cp315-cp315-musllinux_1_2_aarch64.whl", hash = "sha256:116f96cadd935c6122e9228d676fe7ede19e741f5c8bb1c3cddbe0c51ccebea2", size = 17052508, upload-time = "2026-09-06T16:26:56.464Z" },
    { url = "https://files.pythonhosted.org/packages/b8/99/66e54da8265cc8be8a7382bf96edce17aaa2837d6f484432025932a3caa5/numpy-2.5.3-cp315-cp315-musllinux_1_2_x86_64.whl", hash = "sha256:09ffa5d903faeaa5c4dd05009cf81c8bab9f2cb37c548b8d39b65b4cfa7c97f7", size = 18468224, upload-time = "2026-09-06T16:26:59.966Z" },
    { url = "https://files.pythonhosted.org/packages/01/bc/b5e90a91c115168d793dfd2ad9c69c438c2fe7a13a437e770bc5b078e732/numpy-2.5.3-cp315-cp315-win32.whl", hash = "sha256:e01c918ac3d48e18a927cf7b14a26a3e29ff2bdf2eacb976da0aecd6a43ed034", size = 6179919, upload-time = "2026-09-06T16:27:03.166Z" },
    { url = "https://files.pythonhosted.org/packages/37/ea/780748fd3985109075514ef8fc64cd25f943e40dde13a6d59141eb268fc8/numpy-2.5.3-cp315-cp315-win_amd64.whl", hash = "sha256:e931e4f499e0dc7ef29d269a8e5b35dd722e5d14be07df6240166ea7c6532fae", size = 12697656, upload-time = "2026-09-06T16:27:06.153Z" },
    { url = "https://files.pythonhosted.org/packages/b3/16/407be69a2a87c8cab64d95975a8977a426a29e138f07e276ec258f0fe4e5/numpy-2.5.3-cp315-cp315-win_arm64.whl", hash = "sha256:26e15e4aecd8617dfbaecb37d223e365d7b39411fba20454be2670a96aa74cb5", size = 10767601, upload-time = "2026-09-06T16:27:09.297Z" },
    { url = "https://files.pythonhosted.org/packages/44/bf/a97ffb01e41d50a32a9177aef942a4d0e389a3daf451d04e5f38ef6afb87/numpy-2.5.3-cp315-cp315t-macosx_10_15_x86_64.whl", hash = "sha256:6cef4bb1706dfec49243c05d921eefb4e190d41e2528b30d8035ea1f36b4c24a", size = 17090092, upload-time = "2026-09-06T16:27:12.907Z" },
    { url = "https://files.pythonhosted.org/packages/d1/24/136c02f2c2af9a067a84d0c3aa10c99012c0476fa5066732fa4a4202557d/numpy-2.5.3-cp315-cp315t-macosx_11_0_arm64.whl", hash = "sha256:d1c89973648c85069c5046ad460f7b8a00218b29a2e42359ac8cc63e9ab94832", size = 12129429, upload-time = "2026-09-06T16:27:16.089Z" },
    { url = "https://files.pythonhosted.org/packages/fe/6c/b47582d6597789bf946d5efbeb6b9e56fd8bcbd5efc6fbf51dbe1ea31eb3/numpy-2.5.3-cp315-cp315t-macosx_14_0_arm64.whl", hash = "sha256:214045a5bf00113a146ab9ee9730c44501af6723cdf1f6830932f7b5ef2e7af0", size = 5565452, upload-time = "2026-09-06T16:27:19.868Z" },
    { url = "https://files.pythonhosted.org/packages/be/b4/ef3cc6da73774202d4deae16bb321fd8298a4e0561e3539f8c4be237d916/numpy-2.5.3-cp315-cp315t-macosx_14_0_x86_64.whl", hash = "sha256:8617bbfae4486cf99c9f899966699428d19da931d06ca94ad3da986c76e15997", size = 6876736, upload-time = "2026-09-06T16:27:22.232Z" },
    { url = "https://files.pythonhosted.org/packages/9e/24/e3813329498596cb842703dcacac1741612ed9fb9c4e6a3e0c7e2ebbc597/numpy-2.5.3-cp315-cp315t-manylinux_2_27_aarch64.manylinux_2_28_aarch64.whl", hash = "sha256:595d020938c84e320bcf40ad71089e108eac0d377cd018e14a8c094f39e98d85", size = 15745777, upload-time = "2026-09-06T16:27:25.181Z" },
    { url = "https://files.pythonhosted.org/packages/4a/9e/4e7a07fd0776dc2210cdacf2010be8665194d094defc10c419d7dea794cc/numpy-2.5.3-cp315-cp315t-manylinux_2_27_x86_64.manylinux_2_28_x86_64.whl", hash = "sha256:6f24021b9f22bc6301c37b196974a92c1c18dccedb6fef3dd252e95f2d6adbe4", size = 16746949, upload-time = "2026-09-06T16:27:28.576Z" },
    { url = "https://files.pythonhosted.org/packages/91/db/01674c0e20335057813a00c2ebd546ed25bff9ed7914f9bced00f8c55d94/numpy-2.5.3-cp315-cp315t-musllinux_1_2_aarch64.whl", hash = "sha256:71b39d9f935b6ec0f8753e3e2afb51e3efba6f2e05b68b32a40754d24bcd4a3c", size = 17108994, upload-time = "2026-09-06T16:27:31.946Z" },
    { url = "https://files.pythonhosted.org/packages/45/7a/584c5e71f8d378e57cac0b033891ed65c683ef90573ba4854e8c28203db0/numpy-2.5.3-cp315-cp315t-musllinux_1_2_x86_64.whl", hash = "sha256:6b05c171afb3aa07adbd20abc00aea86fe375beb0fdb9ef780ec5b7f63bab1c0", size = 18512266, upload-time = "2026-09-06T16:27:35.196Z" },
    { url = "https://files.pythonhosted.org/packages/a1/d2/4e1014173aa3c55e6a756e0e567290743a6ab33a288460374d7ef6bcd239/numpy-2.5.3-cp315-cp315t-win32.whl", hash = "sha256:f54660b0eb6b0b9f36e7fe1cdfdff472028dd0d14acd9b9b65098efbad059469", size = 6330292, upload-time = "2026-09-06T16:27:38.149Z" },
    { url = "https://files.pythonhosted.org/packages/6c/b0/ff5658a58199b7bcaad87bf260eef6713d9d42cca4e028f935b4fc5fbac6/numpy-2.5.3-cp315-cp315t-win_amd64.whl", hash = "sha256:1aad64d99730d013cfc6debafed22783b4fc5a7f4b8bc744d2d8cf7dcc880551", size = 12884918, upload-time = "2026-09-06T16:27:40.965Z" },
    { url = "https://files.pythonhosted.org/packages/fb/0b/b12a2df5d1b774bd9007a6fdff9381145b6223d37f11afc9c37ab0efd9a1/numpy-2.5.3-cp315-cp315t-win_arm64.whl", hash = "sha256:befa1ae5bd6030b3f512b43ff3fa5290bbed6b84411a44244b14adf835f5b89d", size = 10850807, upload-time = "2026-09-06T16:27:43.868Z" },
]

[[package]]
name = "scipy"
version = "1.18.1"
source = { registry = "https://pypi.org/simple" }
dependencies = [
    { name = "numpy" },
]
sdist = { url = "https://files.pythonhosted.org/packages/7e/74/66de6258867beb2ef08f35f9f2ac017a52cacd5081714d239ff1a442d458/scipy-1.18.1.tar.gz", hash = "sha256:52c4b7422442aba924d03ad4019852b08a92e64ea187b933135687bfe2747307", size = 30781235, upload-time = "2026-08-21T23:28:50.599Z" }
wheels = [
    { url = "https://files.pythonhosted.org/packages/be/4f/1bd37c883b67163e2ca1f60977a399500e6879c15defecac62831c8d078d/scipy-1.18.1-cp315-cp315-macosx_10_15_x86_64.whl", hash = "sha256:eb0dfcf4e28a99c12c999744a2ff67c9b06200e20401c7c88186e33552a46331", size = 31091484, upload-time = "2026-08-21T23:27:11.051Z" },
    { url = "https://files.pythonhosted.org/packages/8c/c5/ba929d7feb9b2332f96827c12e0e924b61973b59b4dea383b603372c65ce/scipy-1.18.1-cp315-cp315-macosx_12_0_arm64.whl", hash = "sha256:30f464bee641fa8e282577c7dce027308403213c6ca8270bba73285c91024bc5", size = 28725057, upload-time = "2026-08-21T23:27:15.9Z" },
    { url = "https://files.pythonhosted.org/packages/a4/19/68f1c50f609d955d230e66d25d02bd3e1e167ec540232135354fb9a4b9e3/scipy-1.18.1-cp315-cp315-macosx_14_0_arm64.whl", hash = "sha256:1bca3b943fc2567ea49cd02c99abde49da4d5178ec46f624bd8255cda8755beb", size = 20466734, upload-time = "2026-08-21T23:27:20.044Z" },
    { url = "https://files.pythonhosted.org/packages/ef/6d/319fa29b73d1802fa80b32a6eaf3f5be456ef81526da2716a9493bcb5501/scipy-1.18.1-cp315-cp315-macosx_14_0_x86_64.whl", hash = "sha256:c9d18a33309122074ea483dd92dd444189166b8b2ec429fe9ed5ac73c7a0aa23", size = 23089664, upload-time = "2026-08-21T23:27:24.345Z" },
    { url = "https://files.pythonhosted.org/packages/b7/db/30992f9b51a63de671daf3888ffd18378b6cb9ec9f2c972264238ffa7fd6/scipy-1.18.1-cp315-cp315-manylinux_2_27_aarch64.manylinux_2_28_aarch64.whl", hash = "sha256:82f201b4c878551d48558337aab270d3c6cca5507b8737c8d8a608d234cccde0", size = 34054035, upload-time = "2026-08-21T23:27:29.409Z" },
    { url = "https://files.pythonhosted.org/packages/91/d4/bf3e735dc0b9d5a8ff45079d2540e17d3aff7a2f0048dd8f552ffd031d2b/scipy-1.18.1-cp315-cp315-manylinux_2_27_x86_64.manylinux_2_28_x86_64.whl", hash = "sha256:0ac49ea97594532dd44b7136094d35f5440fa06e6d9c6384a74c01764df388c5", size = 35333883, upload-time = "2026-08-21T23:27:34.293Z" },
    { url = "https://files.pythonhosted.org/packages/19/93/12d78ce9f871fe945fca588d32644e6e63f553c2a35c564d73f3b22a3313/scipy-1.18.1-cp315-cp315-musllinux_1_2_aarch64.whl", hash = "sha256:ceb30a00ce7c92d459819443d29ca486d882b83fb6738bdcbb2a1cce94ac5daa", size = 35673124, upload-time = "2026-08-21T23:27:39.059Z" },
    { url = "https://files.pythonhosted.org/packages/70/cd/886219313a1012a48e6ae0ec4f302c837151beb92e1ff0d709ef8fdfc488/scipy-1.18.1-cp315-cp315-musllinux_1_2_x86_64.whl", hash = "sha256:f29633129f9fa7e88a3f0fca835de2d030bfc9643f7799e1a0c46cee24d38fc7", size = 37470753, upload-time = "2026-08-21T23:27:44.435Z" },
    { url = "https://files.pythonhosted.org/packages/17/6c/a776888ce618bee54fbde26172f0f46ac1da70d27b63861797fe78e1904b/scipy-1.18.1-cp315-cp315-win_amd64.whl", hash = "sha256:92c14f5bdbfb6216315ce33e78080474082de8b3830122ba97809bfbe65f75c0", size = 37361483, upload-time = "2026-08-21T23:27:49.334Z" },
    { url = "https://files.pythonhosted.org/packages/ab/09/97b651691322ebee97999b017ffc18a15a0b815103844c97e8da9d469731/scipy-1.18.1-cp315-cp315-win_arm64.whl", hash = "sha256:e402cf31eb68f453dbb2d36fc6d722b33f24a55d68b2ae1d92fa6305ca71c298", size = 25035883, upload-time = "2026-08-21T23:27:53.596Z" },
    { url = "https://files.pythonhosted.org/packages/ed/0f/9ec20467bbabd0d44e2a77d0fd3d124f884b4d67df92af82c91d2d6a486f/scipy-1.18.1-cp315-cp315t-macosx_10_15_x86_64.whl", hash = "sha256:2a0b02f9fc46f8520330c23d45e6560db7e3a0d927232139427637f98943e11d", size = 31474926, upload-time = "2026-08-21T23:27:57.993Z" },
    { url = "https://files.pythonhosted.org/packages/8a/58/dcb79161e56efbedc50079fcd2f5fe427a0ebb53022eb476aa73c015ad8f/scipy-1.18.1-cp315-cp315t-macosx_12_0_arm64.whl", hash = "sha256:1d73131e358976663dd969e1fb4ed1404b815cd977eaaedc3b3a133ba2d81c35", size = 29164940, upload-time = "2026-08-21T23:28:03.062Z" },
    { url = "https://files.pythonhosted.org/packages/71/d3/1eeea80c817fcb8ef7bd4a05a58824977a0e57a375cfc3d7ea7c911c01ad/scipy-1.18.1-cp315-cp315t-macosx_14_0_arm64.whl", hash = "sha256:bff0b729edd992766136b34e39cc76bc2fad905aa58897ee72a9cd000a6d8443", size = 20906742, upload-time = "2026-08-21T23:28:07.642Z" },
    { url = "https://files.pythonhosted.org/packages/54/46/e59350428b6099301a20128108c995e2eb175a43f383af9a346e38824f9b/scipy-1.18.1-cp315-cp315t-macosx_14_0_x86_64.whl", hash = "sha256:10ac20c69d880f77f375db44c22e3e6a644f9fefa291d4cd2fb9790a89fc99fd", size = 23472183, upload-time = "2026-08-21T23:28:12.109Z" },
    { url = "https://files.pythonhosted.org/packages/89/31/cc91623fa98f0621766a0f0aaaadb2c66de74a7ea7e3837164f6e4354260/scipy-1.18.1-cp315-cp315t-manylinux_2_27_aarch64.manylinux_2_28_aarch64.whl", hash = "sha256:33a834464fdabc0f26a45508df31b3cc5d028e04dbf6c5ed398541418e0a12fe", size = 34130796, upload-time = "2026-08-21T23:28:17.906Z" },
    { url = "https://files.pythonhosted.org/packages/fc/3e/8572ef536957ddb8aa81bb4090d9e25f257e3b4e05d97deb54319deb8a3a/scipy-1.18.1-cp315-cp315t-manylinux_2_27_x86_64.manylinux_2_28_x86_64.whl", hash = "sha256:49023963c193dacee096301452f223ee24d86ec5807f8df93c0f7221d119e305", size = 35374253, upload-time = "2026-08-21T23:28:23.732Z" },
    { url = "https://files.pythonhosted.org/packages/b5/c6/59fdeffb4f1435299f93d9dc8140b43ad2916e6cfc944be6c3041fcec86d/scipy-1.18.1-cp315-cp315t-musllinux_1_2_aarch64.whl", hash = "sha256:d84a09d0dad90ba6525d8ac1c2334b33e64bf3ccfe9e841f02feb867a22681e4", size = 35758543, upload-time = "2026-08-21T23:28:29.431Z" },
    { url = "https://files.pythonhosted.org/packages/cf/d9/135be205d9de8783193aff9cc3bf483a03a38e4b29432c954e8cb66ac14e/scipy-1.18.1-cp315-cp315t-musllinux_1_2_x86_64.whl", hash = "sha256:179ce34a8d0fe273d8883ba59e17e052247d08973dfcb743ca52bb1cce2d60b0", size = 37521946, upload-time = "2026-08-21T23:28:35.245Z" },
    { url = "https://files.pythonhosted.org/packages/5c/a2/5b7d5270621ab7cfa3f7766067bf95dc360b5efb6394694e8143b4156e2b/scipy-1.18.1-cp315-cp315t-win_amd64.whl", hash = "sha256:5632e3ae3d09197c446310cd5187de63e28448ce22f0f67b2b93d97503c0c230", size = 37408295, upload-time = "2026-08-21T23:28:40.724Z" },
    { url = "https://files.pythonhosted.org/packages/63/ad/741c19fcb66755ff953daf9243af8480e4bf3d7fbe57583c178c7d2b6b51/scipy-1.18.1-cp315-cp315t-win_arm64.whl", hash = "sha256:eda632a7981f69730d6281f451db9c1c370993a2c0d7ddb43e2a809a2862b83a", size = 25319710, upload-time = "2026-08-21T23:28:45.713Z" },
]
